github.com/HugoBlox/hugo-blox-builder/modules/blox-bootstrap/v5 v5.9.6 h1:EAnKwLLf27Wdl1IWpg0FpWiaAMuJyaTtBdvyUwJfU5c=
github.com/HugoBlox/hugo-blox-builder/modules/blox-bootstrap/v5 v5.9.6/go.mod h1:xZiTEEurbEwj/NhZohozvlyLCGVCT2wARHDAJeqKG/c=
github.com/HugoBlox/hugo-blox-builder/modules/blox-core v0.3.1 h1:6GsVeNtYhzl14LLJRFRV1AonKGq8ZAduep/uiK5oEF4=
github.com/HugoBlox/hugo-blox-builder/modules/blox-core v0.3.1/go.mod h1:So8+V2U+TNxlXmcpZfdDX0muLh3PdJ7z92h30sv3bZg=
github.com/HugoBlox/hugo-blox-builder/modules/blox-plugin-netlify v1.1.2-0.20231108141515-0478cf6921f9 h1:tGPIc1B6W43X1SXx+ahBCwYnDp3Ll6SEa5mEdABzxAE=
github.com/HugoBlox/hugo-blox-builder/modules/blox-plugin-netlify v1.1.2-0.20231108141515-0478cf6921f9/go.mod h1:C7jfxMLv1bEUqbM9XDSmEpfOpS8w06OgqNDEcbuRgL4=
github.com/HugoBlox/hugo-blox-builder/modules/blox-plugin-netlify v1.1.2-0.20231116083745-f295093397ad h1:KCpHmTDMOYxrbLpyK/DyHa7sGn4pQYySNmy4JplgCw8=
github.com/HugoBlox/hugo-blox-builder/modules/blox-plugin-netlify v1.1.2-0.20231116083745-f295093397ad/go.mod h1:C7jfxMLv1bEUqbM9XDSmEpfOpS8w06OgqNDEcbuRgL4=
github.com/HugoBlox/hugo-blox-builder/modules/blox-plugin-reveal v1.1.2 h1:AyH1pungA2xQDHOrXiIssKOVMY1/qoJUgwrGiK7TzJM=
github.com/HugoBlox/hugo-blox-builder/modules/blox-plugin-reveal v1.1.2/go.mod h1:F7quX1aEkV2pToTpmDBXOSTkytAnCKkqv/JFLclqa2g=
github.com/HugoBlox/hugo-blox-builder/modules/blox-seo v0.2.2 h1:ccb5jQLKqiFFht24e6+yW9eie1yIm81/K1xhs7ZHZlM=
github.com/HugoBlox/hugo-blox-builder/modules/blox-seo v0.2.2/go.mod h1:NsESu6cEms1DgH84icCyylElg2Zu8A0f7Fma5JR0LZE=
github.com/wowchemy/wowchemy-hugo-themes/modules/wowchemy-core v0.1.0/go.mod h1:kJwI9H8dicHQCnP8G9EvUDI+oNg/yXcGsjGjwjXuM8I=
github.com/wowchemy/wowchemy-hugo-themes/modules/wowchemy-core v0.2.0/go.mod h1:kJwI9H8dicHQCnP8G9EvUDI+oNg/yXcGsjGjwjXuM8I=
github.com/wowchemy/wowchemy-hugo-themes/modules/wowchemy-plugin-netlify v1.0.0 h1:blRMoXNtlxnqXlVi4eCdPtTfVpJkH9J1f6tEKDXimCY=
github.com/wowchemy/wowchemy-hugo-themes/modules/wowchemy-plugin-netlify v1.0.0/go.mod h1:s40UgLsWfVyCLQ2F4F3dBcNfZOXcPGld7KxsKhZdzvM=
github.com/wowchemy/wowchemy-hugo-themes/modules/wowchemy-plugin-netlify-cms v1.0.0 h1:WCbC3jjXAcFGUWn5W1QUk5tzNq4x4NcyqABI/s0SnWw=
github.com/wowchemy/wowchemy-hugo-themes/modules/wowchemy-plugin-netlify-cms v1.0.0/go.mod h1:X1mETJo6Lkv9tEgfU0UYFRiRInf0RbgW+s1RKXB4GMA=
github.com/wowchemy/wowchemy-hugo-themes/modules/wowchemy-plugin-reveal v1.0.0 h1:EYUeXFaj/roT2MtbZf9gaOTtG+S4bJWYGvNgxVdEspY=
github.com/wowchemy/wowchemy-hugo-themes/modules/wowchemy-plugin-reveal v1.0.0/go.mod h1:u2hgU45C6Oi3CwMzSNvTwuRTsKs7O46EG3MTjNKu7gE=
github.com/wowchemy/wowchemy-hugo-themes/modules/wowchemy-seo v0.1.0/go.mod h1:R01vz++1i/KR2n00aWGcs6m/L7ky1klbrpqA2KXjMCk=
github.com/wowchemy/wowchemy-hugo-themes/modules/wowchemy/v5 v5.8.0 h1:8BkVOLk+Ue/JjIsJdvi1EZWYs1TIwiabBD2C4ap3xBo=
github.com/wowchemy/wowchemy-hugo-themes/modules/wowchemy/v5 v5.8.0/go.mod h1:aTjV1UoWPt03vYsb6TImLXMlby6p1lXF9aUy+GnAuqw=
github.com/wowchemy/wowchemy-hugo-themes/modules/wowchemy/v5 v5.8.1-0.20230806065906-2342b0c39a90 h1:MWdkMDadugC+Mnr/H1QG3xUKWVNezHSezVC7qIpfIzw=
github.com/wowchemy/wowchemy-hugo-themes/modules/wowchemy/v5 v5.8.1-0.20230806065906-2342b0c39a90/go.mod h1:aTjV1UoWPt03vYsb6TImLXMlby6p1lXF9aUy+GnAuqw=
github.com/wowchemy/wowchemy-hugo-themes/modules/wowchemy/v5 v5.8.1 h1:aqJ7yg+JYu64bh0r/VpwT2KaqhEHxdiX8JbH92shr00=
github.com/wowchemy/wowchemy-hugo-themes/modules/wowchemy/v5 v5.8.1/go.mod h1:aTjV1UoWPt03vYsb6TImLXMlby6p1lXF9aUy+GnAuqw=
